
Microsoft Visual Studio Solution File, Format Version 12.00
# Visual Studio Version 17
VisualStudioVersion = 17.4.33213.308
MinimumVisualStudioVersion = 10.0.40219.1
Project("{9A19103F-16F7-4668-BE54-9A1E7A4F7556}") = "Project1", "Project1\Project1.csproj", "{60C70C9D-FBE6-4AF8-845A-CB4F77B0A00F}"
EndProject
Project("{FAE04EC0-301F-11D3-BF4B-00C04F79EFBC}") = "Project2", "Project2\Project2.csproj", "{0BEDE241-8449-4E6C-A6C5-A4EFA54A32BB}"
EndProject
Project("{FAE04EC0-301F-11D3-BF4B-00C04F79EFBC}") = "OopsDemo", "OopsDemo\OopsDemo.csproj", "{48B4253F-A17A-4271-B491-4138E681C277}"
EndProject
Global
	GlobalSection(SolutionConfigurationPlatforms) = preSolution
		Debug|Any CPU = Debug|Any CPU
		Release|Any CPU = Release|Any CPU
	EndGlobalSection
	GlobalSection(ProjectConfigurationPlatforms) = postSolution
		{60C70C9D-FBE6-4AF8-845A-CB4F77B0A00F}.Debug|Any CPU.ActiveCfg = Debug|Any CPU
		{60C70C9D-FBE6-4AF8-845A-CB4F77B0A00F}.Debug|Any CPU.Build.0 = Debug|Any CPU
		{60C70C9D-FBE6-4AF8-845A-CB4F77B0A00F}.Release|Any CPU.ActiveCfg = Release|Any CPU
		{60C70C9D-FBE6-4AF8-845A-CB4F77B0A00F}.Release|Any CPU.Build.0 = Release|Any CPU
		{0BEDE241-8449-4E6C-A6C5-A4EFA54A32BB}.Debug|Any CPU.ActiveCfg = Debug|Any CPU
		{0BEDE241-8449-4E6C-A6C5-A4EFA54A32BB}.Debug|Any CPU.Build.0 = Debug|Any CPU
		{0BEDE241-8449-4E6C-A6C5-A4EFA54A32BB}.Release|Any CPU.ActiveCfg = Release|Any CPU
		{0BEDE241-8449-4E6C-A6C5-A4EFA54A32BB}.Release|Any CPU.Build.0 = Release|Any CPU
		{48B4253F-A17A-4271-B491-4138E681C277}.Debug|Any CPU.ActiveCfg = Debug|Any CPU
		{48B4253F-A17A-4271-B491-4138E681C277}.Debug|Any CPU.Build.0 = Debug|Any CPU
		{48B4253F-A17A-4271-B491-4138E681C277}.Release|Any CPU.ActiveCfg = Release|Any CPU
		{48B4253F-A17A-4271-B491-4138E681C277}.Release|Any CPU.Build.0 = Release|Any CPU
	EndGlobalSection
	GlobalSection(SolutionProperties) = preSolution
		HideSolutionNode = FALSE
	EndGlobalSection
	GlobalSection(ExtensibilityGlobals) = postSolution
		SolutionGuid = {FCD2321D-FE1A-4B00-8B1A-BF038D3259C9}
	EndGlobalSection
EndGlobal
